
Microsoft Visual Studio Solution File, Format Version 12.00
# Visual Studio 2012
Project("{FAE04EC0-301F-11D3-BF4B-00C04F79EFBC}") = "Ejercicio1", "Ejercicio1\Ejercicio1.csproj", "{323C6338-EB75-45D3-80F0-59454268E556}"
EndProject
Global
	GlobalSection(SolutionConfigurationPlatforms) = preSolution
		Debug|Any CPU = Debug|Any CPU
		Release|Any CPU = Release|Any CPU
	EndGlobalSection
	GlobalSection(ProjectConfigurationPlatforms) = postSolution
		{323C6338-EB75-45D3-80F0-59454268E556}.Debug|Any CPU.ActiveCfg = Debug|Any CPU
		{323C6338-EB75-45D3-80F0-59454268E556}.Debug|Any CPU.Build.0 = Debug|Any CPU
		{323C6338-EB75-45D3-80F0-59454268E556}.Release|Any CPU.ActiveCfg = Release|Any CPU
		{323C6338-EB75-45D3-80F0-59454268E556}.Release|Any CPU.Build.0 = Release|Any CPU
	EndGlobalSection
	GlobalSection(SolutionProperties) = preSolution
		HideSolutionNode = FALSE
	EndGlobalSection
EndGlobal
